{
  "name": "today-i-learned",
  "version": "1.0.0",
  "lockfileVersion": 1,
  "requires": true,
  "dependencies": {
    "bluebird": {
      "version": "3.5.4",
      "resolved": "http://r.cnpmjs.org/bluebird/download/bluebird-3.5.4.tgz",
      "integrity": "sha1-1sxmFZXeMNWzr1/O3TwLPvbsVxQ="
    },
    "debug": {
      "version": "4.1.1",
      "resolved": "http://r.cnpmjs.org/debug/download/debug-4.1.1.tgz",
      "integrity": "sha1-O3ImAlUQnGtYnO4FDx1RYTlmR5E=",
      "requires": {
        "ms": "^2.1.1"
      }
    },
    "indento": {
      "version": "1.1.12",
      "resolved": "http://r.cnpmjs.org/indento/download/indento-1.1.12.tgz",
      "integrity": "sha1-6VlC6I5ShlXfM/EptoJgGaGiIf0="
    },
    "json2md": {
      "version": "1.6.3",
      "resolved": "http://r.cnpmjs.org/json2md/download/json2md-1.6.3.tgz",
      "integrity": "sha1-hS5S+f5XlpHq88dfYmmSrvozygk=",
      "requires": {
        "indento": "^1.1.7"
      }
    },
    "lodash": {
      "version": "4.17.11",
      "resolved": "http://r.cnpmjs.org/lodash/download/lodash-4.17.11.tgz",
      "integrity": "sha1-s56mIp72B+zYniyN8SU2iRysm40="
    },
    "ms": {
      "version": "2.1.1",
      "resolved": "http://r.cnpmjs.org/ms/download/ms-2.1.1.tgz",
      "integrity": "sha1-MKWGTrPrsKZvLr5tcnrwagnYbgo="
    }
  }
}
